
Microsoft Visual Studio Solution File, Format Version 12.00
# Visual Studio Version 16
VisualStudioVersion = 16.0.30523.141
MinimumVisualStudioVersion = 10.0.40219.1
Project("{E24C65DC-7377-472B-9ABA-BC803B73C61A}") = "AplicacionWeb/tp7", "http://localhost:49988/tp7", "{10B4AD3A-5D69-4E65-863B-3C2B61EE8A3C}"
	ProjectSection(WebsiteProperties) = preProject
		UseIISExpress = "true"
		TargetFrameworkMoniker = ".NETFramework,Version%3Dv4.0"
		Debug.AspNetCompiler.VirtualPath = "/tp7"
		Debug.AspNetCompiler.PhysicalPath = "..\Trabajo-Práctico-7\"
		Debug.AspNetCompiler.TargetPath = "PrecompiledWeb\tp7\"
		Debug.AspNetCompiler.Updateable = "true"
		Debug.AspNetCompiler.ForceOverwrite = "true"
		Debug.AspNetCompiler.FixedNames = "false"
		Debug.AspNetCompiler.Debug = "True"
		Release.AspNetCompiler.VirtualPath = "/tp7"
		Release.AspNetCompiler.PhysicalPath = "..\Trabajo-Práctico-7\"
		Release.AspNetCompiler.TargetPath = "PrecompiledWeb\tp7\"
		Release.AspNetCompiler.Updateable = "true"
		Release.AspNetCompiler.ForceOverwrite = "true"
		Release.AspNetCompiler.FixedNames = "false"
		Release.AspNetCompiler.Debug = "False"
		SlnRelativePath = "..\Trabajo-Práctico-7\"
	EndProjectSection
EndProject
Global
	GlobalSection(SolutionConfigurationPlatforms) = preSolution
		Debug|Any CPU = Debug|Any CPU
		Release|Any CPU = Release|Any CPU
	EndGlobalSection
	GlobalSection(ProjectConfigurationPlatforms) = postSolution
		{10B4AD3A-5D69-4E65-863B-3C2B61EE8A3C}.Debug|Any CPU.ActiveCfg = Debug|Any CPU
		{10B4AD3A-5D69-4E65-863B-3C2B61EE8A3C}.Debug|Any CPU.Build.0 = Debug|Any CPU
		{10B4AD3A-5D69-4E65-863B-3C2B61EE8A3C}.Release|Any CPU.ActiveCfg = Debug|Any CPU
		{10B4AD3A-5D69-4E65-863B-3C2B61EE8A3C}.Release|Any CPU.Build.0 = Debug|Any CPU
	EndGlobalSection
	GlobalSection(SolutionProperties) = preSolution
		HideSolutionNode = FALSE
	EndGlobalSection
	GlobalSection(ExtensibilityGlobals) = postSolution
		SolutionGuid = {7CC8C7FB-C81B-4C4A-A075-C3D92AACD184}
	EndGlobalSection
EndGlobal
