
Microsoft Visual Studio Solution File, Format Version 12.00
# Visual Studio Version 16
VisualStudioVersion = 16.0.30406.217
MinimumVisualStudioVersion = 10.0.40219.1
Project("{FAE04EC0-301F-11D3-BF4B-00C04F79EFBC}") = "B2", "B2\B2.csproj", "{52F349E2-1069-420A-9CC3-C21165A1FC34}"
EndProject
Project("{FAE04EC0-301F-11D3-BF4B-00C04F79EFBC}") = "C1", "C1\C1.csproj", "{F2A9BE42-3AC9-4668-ABED-3DBEC8948A04}"
EndProject
Project("{FAE04EC0-301F-11D3-BF4B-00C04F79EFBC}") = "B1", "B1\B1.csproj", "{A08A2A4A-E0CC-4958-BF95-C4F54ED15405}"
EndProject
Project("{FAE04EC0-301F-11D3-BF4B-00C04F79EFBC}") = "C2", "C2\C2.csproj", "{722002BC-88DF-4D47-83F4-343F99FCD952}"
EndProject
Project("{FAE04EC0-301F-11D3-BF4B-00C04F79EFBC}") = "D5", "D5\D5.csproj", "{EBAFD9DE-2454-4476-8093-A9A58FF4CF8C}"
EndProject
Project("{FAE04EC0-301F-11D3-BF4B-00C04F79EFBC}") = "D6", "D6\D6.csproj", "{7BB43EB7-F81D-474A-84B6-0088B0434A31}"
EndProject
Global
	GlobalSection(SolutionConfigurationPlatforms) = preSolution
		Debug|Any CPU = Debug|Any CPU
		Release|Any CPU = Release|Any CPU
	EndGlobalSection
	GlobalSection(ProjectConfigurationPlatforms) = postSolution
		{52F349E2-1069-420A-9CC3-C21165A1FC34}.Debug|Any CPU.ActiveCfg = Debug|Any CPU
		{52F349E2-1069-420A-9CC3-C21165A1FC34}.Debug|Any CPU.Build.0 = Debug|Any CPU
		{52F349E2-1069-420A-9CC3-C21165A1FC34}.Release|Any CPU.ActiveCfg = Release|Any CPU
		{52F349E2-1069-420A-9CC3-C21165A1FC34}.Release|Any CPU.Build.0 = Release|Any CPU
		{F2A9BE42-3AC9-4668-ABED-3DBEC8948A04}.Debug|Any CPU.ActiveCfg = Debug|Any CPU
		{F2A9BE42-3AC9-4668-ABED-3DBEC8948A04}.Debug|Any CPU.Build.0 = Debug|Any CPU
		{F2A9BE42-3AC9-4668-ABED-3DBEC8948A04}.Release|Any CPU.ActiveCfg = Release|Any CPU
		{F2A9BE42-3AC9-4668-ABED-3DBEC8948A04}.Release|Any CPU.Build.0 = Release|Any CPU
		{A08A2A4A-E0CC-4958-BF95-C4F54ED15405}.Debug|Any CPU.ActiveCfg = Debug|Any CPU
		{A08A2A4A-E0CC-4958-BF95-C4F54ED15405}.Debug|Any CPU.Build.0 = Debug|Any CPU
		{A08A2A4A-E0CC-4958-BF95-C4F54ED15405}.Release|Any CPU.ActiveCfg = Release|Any CPU
		{A08A2A4A-E0CC-4958-BF95-C4F54ED15405}.Release|Any CPU.Build.0 = Release|Any CPU
		{722002BC-88DF-4D47-83F4-343F99FCD952}.Debug|Any CPU.ActiveCfg = Debug|Any CPU
		{722002BC-88DF-4D47-83F4-343F99FCD952}.Debug|Any CPU.Build.0 = Debug|Any CPU
		{722002BC-88DF-4D47-83F4-343F99FCD952}.Release|Any CPU.ActiveCfg = Release|Any CPU
		{722002BC-88DF-4D47-83F4-343F99FCD952}.Release|Any CPU.Build.0 = Release|Any CPU
		{EBAFD9DE-2454-4476-8093-A9A58FF4CF8C}.Debug|Any CPU.ActiveCfg = Debug|Any CPU
		{EBAFD9DE-2454-4476-8093-A9A58FF4CF8C}.Debug|Any CPU.Build.0 = Debug|Any CPU
		{EBAFD9DE-2454-4476-8093-A9A58FF4CF8C}.Release|Any CPU.ActiveCfg = Release|Any CPU
		{EBAFD9DE-2454-4476-8093-A9A58FF4CF8C}.Release|Any CPU.Build.0 = Release|Any CPU
		{7BB43EB7-F81D-474A-84B6-0088B0434A31}.Debug|Any CPU.ActiveCfg = Debug|Any CPU
		{7BB43EB7-F81D-474A-84B6-0088B0434A31}.Debug|Any CPU.Build.0 = Debug|Any CPU
		{7BB43EB7-F81D-474A-84B6-0088B0434A31}.Release|Any CPU.ActiveCfg = Release|Any CPU
		{7BB43EB7-F81D-474A-84B6-0088B0434A31}.Release|Any CPU.Build.0 = Release|Any CPU
	EndGlobalSection
	GlobalSection(SolutionProperties) = preSolution
		HideSolutionNode = FALSE
	EndGlobalSection
	GlobalSection(ExtensibilityGlobals) = postSolution
		SolutionGuid = {D3477061-410F-4DF1-8752-B4C69FCAD0C2}
	EndGlobalSection
EndGlobal
